
Microsoft Visual Studio Solution File, Format Version 12.00
# Visual Studio 15
VisualStudioVersion = 15.0.26730.16
MinimumVisualStudioVersion = 10.0.40219.1
Project("{FAE04EC0-301F-11D3-BF4B-00C04F79EFBC}") = "csplay", "csplay\csplay.csproj", "{D0F00F3D-93BD-4106-9BD1-B59182E6061C}"
EndProject
Global
	GlobalSection(SolutionConfigurationPlatforms) = preSolution
		Debug|Any CPU = Debug|Any CPU
		Release|Any CPU = Release|Any CPU
	EndGlobalSection
	GlobalSection(ProjectConfigurationPlatforms) = postSolution
		{D0F00F3D-93BD-4106-9BD1-B59182E6061C}.Debug|Any CPU.ActiveCfg = Debug|Any CPU
		{D0F00F3D-93BD-4106-9BD1-B59182E6061C}.Debug|Any CPU.Build.0 = Debug|Any CPU
		{D0F00F3D-93BD-4106-9BD1-B59182E6061C}.Release|Any CPU.ActiveCfg = Release|Any CPU
		{D0F00F3D-93BD-4106-9BD1-B59182E6061C}.Release|Any CPU.Build.0 = Release|Any CPU
	EndGlobalSection
	GlobalSection(SolutionProperties) = preSolution
		HideSolutionNode = FALSE
	EndGlobalSection
	GlobalSection(ExtensibilityGlobals) = postSolution
		SolutionGuid = {6A4DAB17-DD26-40F2-AD5F-AE84D5117043}
	EndGlobalSection
EndGlobal
